
Microsoft Visual Studio Solution File, Format Version 12.00
# Visual Studio 15
VisualStudioVersion = 15.0.28010.2036
MinimumVisualStudioVersion = 10.0.40219.1
Project("{8BC9CEB8-8B4A-11D0-8D11-00A0C91BC942}") = "D3D12HelloTriangle", "D3D12HelloTriangle\D3D12HelloTriangle.vcxproj", "{D1E11F9C-F66F-49A8-A00B-2CB1EC6D717E}"
EndProject
Project("{8BC9CEB8-8B4A-11D0-8D11-00A0C91BC942}") = "D3D12HelloIndexBuffers", "D3D12HelloIndexBuffers\D3D12HelloIndexBuffers.vcxproj", "{96628738-BBFE-4693-AFDF-E7B5EB731BBE}"
EndProject
Global
	GlobalSection(SolutionConfigurationPlatforms) = preSolution
		Debug|x64 = Debug|x64
		Debug|x86 = Debug|x86
		Release|x64 = Release|x64
		Release|x86 = Release|x86
	EndGlobalSection
	GlobalSection(ProjectConfigurationPlatforms) = postSolution
		{D1E11F9C-F66F-49A8-A00B-2CB1EC6D717E}.Debug|x64.ActiveCfg = Debug|x64
		{D1E11F9C-F66F-49A8-A00B-2CB1EC6D717E}.Debug|x64.Build.0 = Debug|x64
		{D1E11F9C-F66F-49A8-A00B-2CB1EC6D717E}.Debug|x86.ActiveCfg = Debug|Win32
		{D1E11F9C-F66F-49A8-A00B-2CB1EC6D717E}.Debug|x86.Build.0 = Debug|Win32
		{D1E11F9C-F66F-49A8-A00B-2CB1EC6D717E}.Release|x64.ActiveCfg = Release|x64
		{D1E11F9C-F66F-49A8-A00B-2CB1EC6D717E}.Release|x64.Build.0 = Release|x64
		{D1E11F9C-F66F-49A8-A00B-2CB1EC6D717E}.Release|x86.ActiveCfg = Release|Win32
		{D1E11F9C-F66F-49A8-A00B-2CB1EC6D717E}.Release|x86.Build.0 = Release|Win32
		{96628738-BBFE-4693-AFDF-E7B5EB731BBE}.Debug|x64.ActiveCfg = Debug|x64
		{96628738-BBFE-4693-AFDF-E7B5EB731BBE}.Debug|x64.Build.0 = Debug|x64
		{96628738-BBFE-4693-AFDF-E7B5EB731BBE}.Debug|x86.ActiveCfg = Debug|Win32
		{96628738-BBFE-4693-AFDF-E7B5EB731BBE}.Debug|x86.Build.0 = Debug|Win32
		{96628738-BBFE-4693-AFDF-E7B5EB731BBE}.Release|x64.ActiveCfg = Release|x64
		{96628738-BBFE-4693-AFDF-E7B5EB731BBE}.Release|x64.Build.0 = Release|x64
		{96628738-BBFE-4693-AFDF-E7B5EB731BBE}.Release|x86.ActiveCfg = Release|Win32
		{96628738-BBFE-4693-AFDF-E7B5EB731BBE}.Release|x86.Build.0 = Release|Win32
	EndGlobalSection
	GlobalSection(SolutionProperties) = preSolution
		HideSolutionNode = FALSE
	EndGlobalSection
	GlobalSection(ExtensibilityGlobals) = postSolution
		SolutionGuid = {7537FB26-A73E-445B-959E-5181FA57BA30}
	EndGlobalSection
EndGlobal
